
Microsoft Visual Studio Solution File, Format Version 12.00
# Visual Studio Version 16
VisualStudioVersion = 16.0.30804.86
MinimumVisualStudioVersion = 10.0.40219.1
Project("{FAE04EC0-301F-11D3-BF4B-00C04F79EFBC}") = "InfoMovies", "InfoMovies\InfoMovies.csproj", "{51C2EE4B-7E6E-4724-B0A2-DEDCD888B3D6}"
EndProject
Global
	GlobalSection(SolutionConfigurationPlatforms) = preSolution
		Debug|Any CPU = Debug|Any CPU
		Release|Any CPU = Release|Any CPU
	EndGlobalSection
	GlobalSection(ProjectConfigurationPlatforms) = postSolution
		{51C2EE4B-7E6E-4724-B0A2-DEDCD888B3D6}.Debug|Any CPU.ActiveCfg = Debug|Any CPU
		{51C2EE4B-7E6E-4724-B0A2-DEDCD888B3D6}.Debug|Any CPU.Build.0 = Debug|Any CPU
		{51C2EE4B-7E6E-4724-B0A2-DEDCD888B3D6}.Release|Any CPU.ActiveCfg = Release|Any CPU
		{51C2EE4B-7E6E-4724-B0A2-DEDCD888B3D6}.Release|Any CPU.Build.0 = Release|Any CPU
	EndGlobalSection
	GlobalSection(SolutionProperties) = preSolution
		HideSolutionNode = FALSE
	EndGlobalSection
	GlobalSection(ExtensibilityGlobals) = postSolution
		SolutionGuid = {781A5CAC-0954-4786-A346-E3DB6DA06CF2}
	EndGlobalSection
EndGlobal
